<?xml version="1.0" encoding="utf-8"?>
<Project ToolsVersion="4.0" xmlns="http://schemas.microsoft.com/developer/msbuild/2003">
  <ItemGroup>
    <Filter Include="Source Files">
      <UniqueIdentifier>{4FC737F1-C7A5-4376-A066-2A32D752A2FF}</UniqueIdentifier>
      <Extensions>cpp;c;cc;cxx;c++;cppm;ixx;def;odl;idl;hpj;bat;asm;asmx</Extensions>
    </Filter>
    <Filter Include="Header Files">
      <UniqueIdentifier>{93995380-89BD-4b04-88EB-625FBE52EBFB}</UniqueIdentifier>
      <Extensions>h;hh;hpp;hxx;h++;hm;inl;inc;ipp;xsd</Extensions>
    </Filter>
    <Filter Include="Resource Files">
      <UniqueIdentifier>{67DA6AB6-F800-4c08-8B7A-83BB121AAD01}</UniqueIdentifier>
      <Extensions>rc;ico;cur;bmp;dlg;rc2;rct;bin;rgs;gif;jpg;jpeg;jpe;resx;tiff;tif;png;wav;mfcribbon-ms</Extensions>
    </Filter>
    <Filter Include="Source Files\application">
      <UniqueIdentifier>{7d74b5d9-cf0e-4a3e-9add-f164809ec412}</UniqueIdentifier>
    </Filter>
    <Filter Include="Source Files\render">
      <UniqueIdentifier>{9150bb6e-68fb-4a4b-b277-ce781ca19403}</UniqueIdentifier>
    </Filter>
    <Filter Include="Source Files\utils">
      <UniqueIdentifier>{2f2f338c-43ca-4375-a535-2e4f0fa2bfc2}</UniqueIdentifier>
    </Filter>
    <Filter Include="Source Files\window">
      <UniqueIdentifier>{12631379-87be-4047-8982-b6e1a1106fc0}</UniqueIdentifier>
    </Filter>
    <Filter Include="Source Files\render\graph">
      <UniqueIdentifier>{1d13a1d6-0949-4a02-b9bc-25f62a28c708}</UniqueIdentifier>
    </Filter>
    <Filter Include="Source Files\render\dx11">
      <UniqueIdentifier>{cba4181d-ffdb-43a9-835a-ec0b9a3f49a1}</UniqueIdentifier>
    </Filter>
    <Filter Include="Source Files\render\context">
      <UniqueIdentifier>{71af8d36-2699-4c46-9936-170146c58931}</UniqueIdentifier>
    </Filter>
    <Filter Include="Source Files\core">
      <UniqueIdentifier>{b5ba6d1c-3d0a-4138-9aa1-186ba7a72e51}</UniqueIdentifier>
    </Filter>
    <Filter Include="Source Files\shaders">
      <UniqueIdentifier>{3fb63064-f324-4a6e-b48c-3929e6d0b3d1}</UniqueIdentifier>
    </Filter>
    <Filter Include="Source Files\render\common">
      <UniqueIdentifier>{0187568c-640d-4cb6-b727-043d436e4e0d}</UniqueIdentifier>
    </Filter>
  </ItemGroup>
  <ItemGroup>
    <ClCompile Include="src\main.cpp">
      <Filter>Source Files</Filter>
    </ClCompile>
    <ClCompile Include="src\application\application.cpp">
      <Filter>Source Files\application</Filter>
    </ClCompile>
    <ClCompile Include="src\utils\errors.cpp">
      <Filter>Source Files\utils</Filter>
    </ClCompile>
    <ClCompile Include="src\window\window.cpp">
      <Filter>Source Files\window</Filter>
    </ClCompile>
    <ClCompile Include="src\render\graph\render_graph.cpp">
      <Filter>Source Files\render\graph</Filter>
    </ClCompile>
    <ClCompile Include="src\render\dx11\d3d11_renderer.cpp">
      <Filter>Source Files\render\dx11</Filter>
    </ClCompile>
    <ClCompile Include="src\core\timer.cpp">
      <Filter>Source Files\core</Filter>
    </ClCompile>
    <ClCompile Include="src\render\dx11\d3d11_device.cpp">
      <Filter>Source Files\render\dx11</Filter>
    </ClCompile>
  </ItemGroup>
  <ItemGroup>
    <ClInclude Include="src\application\application.h">
      <Filter>Source Files\application</Filter>
    </ClInclude>
    <ClInclude Include="src\utils\errors.h">
      <Filter>Source Files\utils</Filter>
    </ClInclude>
    <ClInclude Include="src\window\window.h">
      <Filter>Source Files\window</Filter>
    </ClInclude>
    <ClInclude Include="src\render\renderer.h">
      <Filter>Source Files\render</Filter>
    </ClInclude>
    <ClInclude Include="src\render\graph\render_graph.h">
      <Filter>Source Files\render\graph</Filter>
    </ClInclude>
    <ClInclude Include="src\render\dx11\d3d11_renderer.h">
      <Filter>Source Files\render\dx11</Filter>
    </ClInclude>
    <ClInclude Include="src\render\context\frame_render_context.h">
      <Filter>Source Files\render\context</Filter>
    </ClInclude>
    <ClInclude Include="src\core\timer.h">
      <Filter>Source Files\core</Filter>
    </ClInclude>
    <ClInclude Include="src\render\dx11\d3d11_device.h">
      <Filter>Source Files\render\dx11</Filter>
    </ClInclude>
    <ClInclude Include="src\render\common\vertex.h">
      <Filter>Source Files\render\common</Filter>
    </ClInclude>
  </ItemGroup>
  <ItemGroup>
    <FxCompile Include="src\shaders\geometry_vs.hlsl">
      <Filter>Source Files\shaders</Filter>
    </FxCompile>
    <FxCompile Include="src\shaders\geometry_ps.hlsl">
      <Filter>Source Files\shaders</Filter>
    </FxCompile>
  </ItemGroup>
</Project>